
Microsoft Visual Studio Solution File, Format Version 12.00
# Visual Studio Version 16
VisualStudioVersion = 16.0.31105.61
MinimumVisualStudioVersion = 10.0.40219.1
Project("{FAE04EC0-301F-11D3-BF4B-00C04F79EFBC}") = "Task", "Task\Task.csproj", "{52D1DBC8-DE72-49E3-9983-F52D019BD614}"
EndProject
Global
	GlobalSection(SolutionConfigurationPlatforms) = preSolution
		Debug|Any CPU = Debug|Any CPU
		Release|Any CPU = Release|Any CPU
	EndGlobalSection
	GlobalSection(ProjectConfigurationPlatforms) = postSolution
		{52D1DBC8-DE72-49E3-9983-F52D019BD614}.Debug|Any CPU.ActiveCfg = Debug|Any CPU
		{52D1DBC8-DE72-49E3-9983-F52D019BD614}.Debug|Any CPU.Build.0 = Debug|Any CPU
		{52D1DBC8-DE72-49E3-9983-F52D019BD614}.Release|Any CPU.ActiveCfg = Release|Any CPU
		{52D1DBC8-DE72-49E3-9983-F52D019BD614}.Release|Any CPU.Build.0 = Release|Any CPU
	EndGlobalSection
	GlobalSection(SolutionProperties) = preSolution
		HideSolutionNode = FALSE
	EndGlobalSection
	GlobalSection(ExtensibilityGlobals) = postSolution
		SolutionGuid = {31C57A39-1D16-46EB-A3EE-958203283EC3}
	EndGlobalSection
EndGlobal
